
Microsoft Visual Studio Solution File, Format Version 12.00
# Visual Studio Version 16
VisualStudioVersion = 16.0.30517.126
MinimumVisualStudioVersion = 10.0.40219.1
Project("{FAE04EC0-301F-11D3-BF4B-00C04F79EFBC}") = "Exam2020", "Exam2020.csproj", "{A89B6F84-327A-4B50-819F-D662219B5679}"
EndProject
Global
	GlobalSection(SolutionConfigurationPlatforms) = preSolution
		Debug|Any CPU = Debug|Any CPU
		Release|Any CPU = Release|Any CPU
	EndGlobalSection
	GlobalSection(ProjectConfigurationPlatforms) = postSolution
		{A89B6F84-327A-4B50-819F-D662219B5679}.Debug|Any CPU.ActiveCfg = Debug|Any CPU
		{A89B6F84-327A-4B50-819F-D662219B5679}.Debug|Any CPU.Build.0 = Debug|Any CPU
		{A89B6F84-327A-4B50-819F-D662219B5679}.Release|Any CPU.ActiveCfg = Release|Any CPU
		{A89B6F84-327A-4B50-819F-D662219B5679}.Release|Any CPU.Build.0 = Release|Any CPU
	EndGlobalSection
	GlobalSection(SolutionProperties) = preSolution
		HideSolutionNode = FALSE
	EndGlobalSection
	GlobalSection(ExtensibilityGlobals) = postSolution
		SolutionGuid = {3BC9A97F-F35B-45C4-8D9B-1D3B3C70976A}
	EndGlobalSection
EndGlobal
